Microsoft Visual Studio Solution File, Format Version 12.00
# Visual Studio Version 17
VisualStudioVersion = 17.10.34607.79
MinimumVisualStudioVersion = 10.0.40219.1
Project("{FAE04EC0-301F-11D3-BF4B-00C04F79EFBC}") = "AspireApp1.AppHost", "AspireApp1.AppHost\AspireApp1.AppHost.csproj", "{C2623133-C955-4001-9DC9-6BC0E8FFBAFB}"
EndProject
Project("{9A19103F-16F7-4668-BE54-9A1E7A4F7556}") = "AspireApp1.ServiceDefaults", "AspireApp1.ServiceDefaults\AspireApp1.ServiceDefaults.csproj", "{FFB67A5B-9CD3-4BEC-BF33-A6B094B17735}"
EndProject
Project("{9A19103F-16F7-4668-BE54-9A1E7A4F7556}") = "AspireApp1.ApiService", "AspireApp1.ApiService\AspireApp1.ApiService.csproj", "{F210BD1D-FA0E-4830-B6AE-B85459DED26E}"
EndProject
Project("{9A19103F-16F7-4668-BE54-9A1E7A4F7556}") = "AspireApp1.Web", "AspireApp1.Web\AspireApp1.Web.csproj", "{A07DF78C-9CE1-43AE-B241-05B54ED33114}"
EndProject
Global
	GlobalSection(SolutionConfigurationPlatforms) = preSolution
		Debug|Any CPU = Debug|Any CPU
		Release|Any CPU = Release|Any CPU
	EndGlobalSection
	GlobalSection(ProjectConfigurationPlatforms) = postSolution
		{C2623133-C955-4001-9DC9-6BC0E8FFBAFB}.Debug|Any CPU.ActiveCfg = Debug|Any CPU
		{C2623133-C955-4001-9DC9-6BC0E8FFBAFB}.Debug|Any CPU.Build.0 = Debug|Any CPU
		{C2623133-C955-4001-9DC9-6BC0E8FFBAFB}.Release|Any CPU.ActiveCfg = Release|Any CPU
		{C2623133-C955-4001-9DC9-6BC0E8FFBAFB}.Release|Any CPU.Build.0 = Release|Any CPU
		{FFB67A5B-9CD3-4BEC-BF33-A6B094B17735}.Debug|Any CPU.ActiveCfg = Debug|Any CPU
		{FFB67A5B-9CD3-4BEC-BF33-A6B094B17735}.Debug|Any CPU.Build.0 = Debug|Any CPU
		{FFB67A5B-9CD3-4BEC-BF33-A6B094B17735}.Release|Any CPU.ActiveCfg = Release|Any CPU
		{FFB67A5B-9CD3-4BEC-BF33-A6B094B17735}.Release|Any CPU.Build.0 = Release|Any CPU
		{F210BD1D-FA0E-4830-B6AE-B85459DED26E}.Debug|Any CPU.ActiveCfg = Debug|Any CPU
		{F210BD1D-FA0E-4830-B6AE-B85459DED26E}.Debug|Any CPU.Build.0 = Debug|Any CPU
		{F210BD1D-FA0E-4830-B6AE-B85459DED26E}.Release|Any CPU.ActiveCfg = Release|Any CPU
		{F210BD1D-FA0E-4830-B6AE-B85459DED26E}.Release|Any CPU.Build.0 = Release|Any CPU
		{A07DF78C-9CE1-43AE-B241-05B54ED33114}.Debug|Any CPU.ActiveCfg = Debug|Any CPU
		{A07DF78C-9CE1-43AE-B241-05B54ED33114}.Debug|Any CPU.Build.0 = Debug|Any CPU
		{A07DF78C-9CE1-43AE-B241-05B54ED33114}.Release|Any CPU.ActiveCfg = Release|Any CPU
		{A07DF78C-9CE1-43AE-B241-05B54ED33114}.Release|Any CPU.Build.0 = Release|Any CPU
	EndGlobalSection
	GlobalSection(SolutionProperties) = preSolution
		HideSolutionNode = FALSE
	EndGlobalSection
	GlobalSection(ExtensibilityGlobals) = postSolution
		SolutionGuid = {D48106E9-C7C6-41D7-8F38-7AF8AAFD6772}
	EndGlobalSection
EndGlobal
