Microsoft Visual Studio Solution File, Format Version 12.00
# Visual Studio Version 17
VisualStudioVersion = 17.10.34607.79
MinimumVisualStudioVersion = 10.0.40219.1
Project("{FAE04EC0-301F-11D3-BF4B-00C04F79EFBC}") = "AspireApp1.AppHost", "AspireApp1.AppHost\AspireApp1.AppHost.csproj", "{46A718D6-BBB7-4930-BCEA-6D905A660080}"
EndProject
Project("{9A19103F-16F7-4668-BE54-9A1E7A4F7556}") = "AspireApp1.ServiceDefaults", "AspireApp1.ServiceDefaults\AspireApp1.ServiceDefaults.csproj", "{A363E654-4359-4F99-A8F4-E99B2F0308FC}"
EndProject
Project("{9A19103F-16F7-4668-BE54-9A1E7A4F7556}") = "AspireApp1.ApiService", "AspireApp1.ApiService\AspireApp1.ApiService.csproj", "{E4D3CFDE-94C8-41EA-923C-14A2C2CFFDC1}"
EndProject
Project("{9A19103F-16F7-4668-BE54-9A1E7A4F7556}") = "AspireApp1.Web", "AspireApp1.Web\AspireApp1.Web.csproj", "{EDE65CBE-4D7B-436F-A1CC-1FC99DA81A30}"
EndProject
Global
	GlobalSection(SolutionConfigurationPlatforms) = preSolution
		Debug|Any CPU = Debug|Any CPU
		Release|Any CPU = Release|Any CPU
	EndGlobalSection
	GlobalSection(ProjectConfigurationPlatforms) = postSolution
		{46A718D6-BBB7-4930-BCEA-6D905A660080}.Debug|Any CPU.ActiveCfg = Debug|Any CPU
		{46A718D6-BBB7-4930-BCEA-6D905A660080}.Debug|Any CPU.Build.0 = Debug|Any CPU
		{46A718D6-BBB7-4930-BCEA-6D905A660080}.Release|Any CPU.ActiveCfg = Release|Any CPU
		{46A718D6-BBB7-4930-BCEA-6D905A660080}.Release|Any CPU.Build.0 = Release|Any CPU
		{A363E654-4359-4F99-A8F4-E99B2F0308FC}.Debug|Any CPU.ActiveCfg = Debug|Any CPU
		{A363E654-4359-4F99-A8F4-E99B2F0308FC}.Debug|Any CPU.Build.0 = Debug|Any CPU
		{A363E654-4359-4F99-A8F4-E99B2F0308FC}.Release|Any CPU.ActiveCfg = Release|Any CPU
		{A363E654-4359-4F99-A8F4-E99B2F0308FC}.Release|Any CPU.Build.0 = Release|Any CPU
		{E4D3CFDE-94C8-41EA-923C-14A2C2CFFDC1}.Debug|Any CPU.ActiveCfg = Debug|Any CPU
		{E4D3CFDE-94C8-41EA-923C-14A2C2CFFDC1}.Debug|Any CPU.Build.0 = Debug|Any CPU
		{E4D3CFDE-94C8-41EA-923C-14A2C2CFFDC1}.Release|Any CPU.ActiveCfg = Release|Any CPU
		{E4D3CFDE-94C8-41EA-923C-14A2C2CFFDC1}.Release|Any CPU.Build.0 = Release|Any CPU
		{EDE65CBE-4D7B-436F-A1CC-1FC99DA81A30}.Debug|Any CPU.ActiveCfg = Debug|Any CPU
		{EDE65CBE-4D7B-436F-A1CC-1FC99DA81A30}.Debug|Any CPU.Build.0 = Debug|Any CPU
		{EDE65CBE-4D7B-436F-A1CC-1FC99DA81A30}.Release|Any CPU.ActiveCfg = Release|Any CPU
		{EDE65CBE-4D7B-436F-A1CC-1FC99DA81A30}.Release|Any CPU.Build.0 = Release|Any CPU
	EndGlobalSection
	GlobalSection(SolutionProperties) = preSolution
		HideSolutionNode = FALSE
	EndGlobalSection
	GlobalSection(ExtensibilityGlobals) = postSolution
		SolutionGuid = {25BBE463-DC0C-43A3-9A8D-CBA1F90F9BDF}
	EndGlobalSection
EndGlobal
